
Microsoft Visual Studio Solution File, Format Version 12.00
Project("{F2A71F9B-5D33-465A-A702-920D77279786}") = "Assignment1", "Assignment1\Assignment1.fsproj", "{DF791324-03CB-4876-B185-0FD959F05661}"
EndProject
Project("{FAE04EC0-301F-11D3-BF4B-00C04F79EFBC}") = "Assignment1cs", "Assignment1cs\Assignment1cs.csproj", "{D582D2AD-2E7E-4C98-8750-335A11740779}"
EndProject
Global
	GlobalSection(SolutionConfigurationPlatforms) = preSolution
		Debug|Any CPU = Debug|Any CPU
		Release|Any CPU = Release|Any CPU
	EndGlobalSection
	GlobalSection(ProjectConfigurationPlatforms) = postSolution
		{DF791324-03CB-4876-B185-0FD959F05661}.Debug|Any CPU.ActiveCfg = Debug|Any CPU
		{DF791324-03CB-4876-B185-0FD959F05661}.Debug|Any CPU.Build.0 = Debug|Any CPU
		{DF791324-03CB-4876-B185-0FD959F05661}.Release|Any CPU.ActiveCfg = Release|Any CPU
		{DF791324-03CB-4876-B185-0FD959F05661}.Release|Any CPU.Build.0 = Release|Any CPU
		{D582D2AD-2E7E-4C98-8750-335A11740779}.Debug|Any CPU.ActiveCfg = Debug|Any CPU
		{D582D2AD-2E7E-4C98-8750-335A11740779}.Debug|Any CPU.Build.0 = Debug|Any CPU
		{D582D2AD-2E7E-4C98-8750-335A11740779}.Release|Any CPU.ActiveCfg = Release|Any CPU
		{D582D2AD-2E7E-4C98-8750-335A11740779}.Release|Any CPU.Build.0 = Release|Any CPU
	EndGlobalSection
EndGlobal
